// !$*UTF8*$!
{
	archiveVersion = 1;
	classes = {
	};
	objectVersion = 56;
	objects = {

/* Begin PBXBuildFile section */
		17BF02D42A2BB80900F6C9B5 /* main.cpp in Sources */ = {isa = PBXBuildFile; fileRef = 17BF02CD2A2BB80900F6C9B5 /* main.cpp */; };
		17BF02D52A2BB80900F6C9B5 /* List.cpp in Sources */ = {isa = PBXBuildFile; fileRef = 17BF02CF2A2BB80900F6C9B5 /* List.cpp */; };
		17BF02D62A2BB80900F6C9B5 /* Point.cpp in Sources */ = {isa = PBXBuildFile; fileRef = 17BF02D12A2BB80900F6C9B5 /* Point.cpp */; };
		17BF02D72A2BB80900F6C9B5 /* Circle.cpp in Sources */ = {isa = PBXBuildFile; fileRef = 17BF02D22A2BB80900F6C9B5 /* Circle.cpp */; };
		17BF02D82A2BB80900F6C9B5 /* Node.cpp in Sources */ = {isa = PBXBuildFile; fileRef = 17BF02D32A2BB80900F6C9B5 /* Node.cpp */; };
/* End PBXBuildFile section */

/* Begin PBXCopyFilesBuildPhase section */
		17BF02BE2A2BB7D700F6C9B5 /* CopyFiles */ = {
			isa = PBXCopyFilesBuildPhase;
			buildActionMask = 2147483647;
			dstPath = /usr/share/man/man1/;
			dstSubfolderSpec = 0;
			files = (
			);
			runOnlyForDeploymentPostprocessing = 1;
		};
/* End PBXCopyFilesBuildPhase section */

/* Begin PBXFileReference section */
		17BF02C02A2BB7D700F6C9B5 /* DoubleLinkedList */ = {isa = PBXFileReference; explicitFileType = "compiled.mach-o.executable"; includeInIndex = 0; path = DoubleLinkedList; sourceTree = BUILT_PRODUCTS_DIR; };
		17BF02CA2A2BB80900F6C9B5 /* file.txt */ = {isa = PBXFileReference; fileEncoding = 4; lastKnownFileType = text; path = file.txt; sourceTree = "<group>"; };
		17BF02CB2A2BB80900F6C9B5 /* Circle.hpp */ = {isa = PBXFileReference; fileEncoding = 4; lastKnownFileType = sourcecode.cpp.h; path = Circle.hpp; sourceTree = "<group>"; };
		17BF02CC2A2BB80900F6C9B5 /* hello.txt */ = {isa = PBXFileReference; fileEncoding = 4; lastKnownFileType = text; path = hello.txt; sourceTree = "<group>"; };
		17BF02CD2A2BB80900F6C9B5 /* main.cpp */ = {isa = PBXFileReference; fileEncoding = 4; lastKnownFileType = sourcecode.cpp.cpp; path = main.cpp; sourceTree = "<group>"; };
		17BF02CE2A2BB80900F6C9B5 /* Point.hpp */ = {isa = PBXFileReference; fileEncoding = 4; lastKnownFileType = sourcecode.cpp.h; path = Point.hpp; sourceTree = "<group>"; };
		17BF02CF2A2BB80900F6C9B5 /* List.cpp */ = {isa = PBXFileReference; fileEncoding = 4; lastKnownFileType = sourcecode.cpp.cpp; path = List.cpp; sourceTree = "<group>"; };
		17BF02D02A2BB80900F6C9B5 /* Node.hpp */ = {isa = PBXFileReference; fileEncoding = 4; lastKnownFileType = sourcecode.cpp.h; path = Node.hpp; sourceTree = "<group>"; };
		17BF02D12A2BB80900F6C9B5 /* Point.cpp */ = {isa = PBXFileReference; fileEncoding = 4; lastKnownFileType = sourcecode.cpp.cpp; path = Point.cpp; sourceTree = "<group>"; };
		17BF02D22A2BB80900F6C9B5 /* Circle.cpp */ = {isa = PBXFileReference; fileEncoding = 4; lastKnownFileType = sourcecode.cpp.cpp; path = Circle.cpp; sourceTree = "<group>"; };
		17BF02D32A2BB80900F6C9B5 /* Node.cpp */ = {isa = PBXFileReference; fileEncoding = 4; lastKnownFileType = sourcecode.cpp.cpp; path = Node.cpp; sourceTree = "<group>"; };
/* End PBXFileReference section */

/* Begin PBXFrameworksBuildPhase section */
		17BF02BD2A2BB7D700F6C9B5 /* Frameworks */ = {
			isa = PBXFrameworksBuildPhase;
			buildActionMask = 2147483647;
			files = (
			);
			runOnlyForDeploymentPostprocessing = 0;
		};
/* End PBXFrameworksBuildPhase section */

/* Begin PBXGroup section */
		17BF02B72A2BB7D700F6C9B5 = {
			isa = PBXGroup;
			children = (
				17BF02C22A2BB7D700F6C9B5 /* DoubleLinkedList */,
				17BF02C12A2BB7D700F6C9B5 /* Products */,
			);
			sourceTree = "<group>";
		};
		17BF02C12A2BB7D700F6C9B5 /* Products */ = {
			isa = PBXGroup;
			children = (
				17BF02C02A2BB7D700F6C9B5 /* DoubleLinkedList */,
			);
			name = Products;
			sourceTree = "<group>";
		};
		17BF02C22A2BB7D700F6C9B5 /* DoubleLinkedList */ = {
			isa = PBXGroup;
			children = (
				17BF02D22A2BB80900F6C9B5 /* Circle.cpp */,
				17BF02CB2A2BB80900F6C9B5 /* Circle.hpp */,
				17BF02CA2A2BB80900F6C9B5 /* file.txt */,
				17BF02CC2A2BB80900F6C9B5 /* hello.txt */,
				17BF02CF2A2BB80900F6C9B5 /* List.cpp */,
				17BF02CD2A2BB80900F6C9B5 /* main.cpp */,
				17BF02D32A2BB80900F6C9B5 /* Node.cpp */,
				17BF02D02A2BB80900F6C9B5 /* Node.hpp */,
				17BF02D12A2BB80900F6C9B5 /* Point.cpp */,
				17BF02CE2A2BB80900F6C9B5 /* Point.hpp */,
			);
			path = DoubleLinkedList;
			sourceTree = "<group>";
		};
/* End PBXGroup section */

/* Begin PBXNativeTarget section */
		17BF02BF2A2BB7D700F6C9B5 /* DoubleLinkedList */ = {
			isa = PBXNativeTarget;
			buildConfigurationList = 17BF02C72A2BB7D700F6C9B5 /* Build configuration list for PBXNativeTarget "DoubleLinkedList" */;
			buildPhases = (
				17BF02BC2A2BB7D700F6C9B5 /* Sources */,
				17BF02BD2A2BB7D700F6C9B5 /* Frameworks */,
				17BF02BE2A2BB7D700F6C9B5 /* CopyFiles */,
			);
			buildRules = (
			);
			dependencies = (
			);
			name = DoubleLinkedList;
			productName = DoubleLinkedList;
			productReference = 17BF02C02A2BB7D700F6C9B5 /* DoubleLinkedList */;
			productType = "com.apple.product-type.tool";
		};
/* End PBXNativeTarget section */

/* Begin PBXProject section */
		17BF02B82A2BB7D700F6C9B5 /* Project object */ = {
			isa = PBXProject;
			attributes = {
				BuildIndependentTargetsInParallel = 1;
				LastUpgradeCheck = 1420;
				TargetAttributes = {
					17BF02BF2A2BB7D700F6C9B5 = {
						CreatedOnToolsVersion = 14.2;
					};
				};
			};
			buildConfigurationList = 17BF02BB2A2BB7D700F6C9B5 /* Build configuration list for PBXProject "DoubleLinkedList" */;
			compatibilityVersion = "Xcode 14.0";
			developmentRegion = en;
			hasScannedForEncodings = 0;
			knownRegions = (
				en,
				Base,
			);
			mainGroup = 17BF02B72A2BB7D700F6C9B5;
			productRefGroup = 17BF02C12A2BB7D700F6C9B5 /* Products */;
			projectDirPath = "";
			projectRoot = "";
			targets = (
				17BF02BF2A2BB7D700F6C9B5 /* DoubleLinkedList */,
			);
		};
/* End PBXProject section */

/* Begin PBXSourcesBuildPhase section */
		17BF02BC2A2BB7D700F6C9B5 /* Sources */ = {
			isa = PBXSourcesBuildPhase;
			buildActionMask = 2147483647;
			files = (
				17BF02D62A2BB80900F6C9B5 /* Point.cpp in Sources */,
				17BF02D72A2BB80900F6C9B5 /* Circle.cpp in Sources */,
				17BF02D42A2BB80900F6C9B5 /* main.cpp in Sources */,
				17BF02D52A2BB80900F6C9B5 /* List.cpp in Sources */,
				17BF02D82A2BB80900F6C9B5 /* Node.cpp in Sources */,
			);
			runOnlyForDeploymentPostprocessing = 0;
		};
/* End PBXSourcesBuildPhase section */

/* Begin XCBuildConfiguration section */
		17BF02C52A2BB7D700F6C9B5 /* Debug */ = {
			isa = XCBuildConfiguration;
			buildSettings = {
				ALWAYS_SEARCH_USER_PATHS = NO;
				CLANG_ANALYZER_NONNULL = YES;
				CLANG_ANALYZER_NUMBER_OBJECT_CONVERSION = YES_AGGRESSIVE;
				CLANG_CXX_LANGUAGE_STANDARD = "gnu++20";
				CLANG_ENABLE_MODULES = YES;
				CLANG_ENABLE_OBJC_ARC = YES;
				CLANG_ENABLE_OBJC_WEAK = YES;
				CLANG_WARN_BLOCK_CAPTURE_AUTORELEASING = YES;
				CLANG_WARN_BOOL_CONVERSION = YES;
				CLANG_WARN_COMMA = YES;
				CLANG_WARN_CONSTANT_CONVERSION = YES;
				CLANG_WARN_DEPRECATED_OBJC_IMPLEMENTATIONS = YES;
				CLANG_WARN_DIRECT_OBJC_ISA_USAGE = YES_ERROR;
				CLANG_WARN_DOCUMENTATION_COMMENTS = YES;
				CLANG_WARN_EMPTY_BODY = YES;
				CLANG_WARN_ENUM_CONVERSION = YES;
				CLANG_WARN_INFINITE_RECURSION = YES;
				CLANG_WARN_INT_CONVERSION = YES;
				CLANG_WARN_NON_LITERAL_NULL_CONVERSION = YES;
				CLANG_WARN_OBJC_IMPLICIT_RETAIN_SELF = YES;
				CLANG_WARN_OBJC_LITERAL_CONVERSION = YES;
				CLANG_WARN_OBJC_ROOT_CLASS = YES_ERROR;
				CLANG_WARN_QUOTED_INCLUDE_IN_FRAMEWORK_HEADER = YES;
				CLANG_WARN_RANGE_LOOP_ANALYSIS = YES;
				CLANG_WARN_STRICT_PROTOTYPES = YES;
				CLANG_WARN_SUSPICIOUS_MOVE = YES;
				CLANG_WARN_UNGUARDED_AVAILABILITY = YES_AGGRESSIVE;
				CLANG_WARN_UNREACHABLE_CODE = YES;
				CLANG_WARN__DUPLICATE_METHOD_MATCH = YES;
				COPY_PHASE_STRIP = NO;
				DEBUG_INFORMATION_FORMAT = dwarf;
				ENABLE_STRICT_OBJC_MSGSEND = YES;
				ENABLE_TESTABILITY = YES;
				GCC_C_LANGUAGE_STANDARD = gnu11;
				GCC_DYNAMIC_NO_PIC = NO;
				GCC_NO_COMMON_BLOCKS = YES;
				GCC_OPTIMIZATION_LEVEL = 0;
				GCC_PREPROCESSOR_DEFINITIONS = (
					"DEBUG=1",
					"$(inherited)",
				);
				GCC_WARN_64_TO_32_BIT_CONVERSION = YES;
				GCC_WARN_ABOUT_RETURN_TYPE = YES_ERROR;
				GCC_WARN_UNDECLARED_SELECTOR = YES;
				GCC_WARN_UNINITIALIZED_AUTOS = YES_AGGRESSIVE;
				GCC_WARN_UNUSED_FUNCTION = YES;
				GCC_WARN_UNUSED_VARIABLE = YES;
				MACOSX_DEPLOYMENT_TARGET = 13.1;
				MTL_ENABLE_DEBUG_INFO = INCLUDE_SOURCE;
				MTL_FAST_MATH = YES;
				ONLY_ACTIVE_ARCH = YES;
				SDKROOT = macosx;
			};
			name = Debug;
		};
		17BF02C62A2BB7D700F6C9B5 /* Release */ = {
			isa = XCBuildConfiguration;
			buildSettings = {
				ALWAYS_SEARCH_USER_PATHS = NO;
				CLANG_ANALYZER_NONNULL = YES;
				CLANG_ANALYZER_NUMBER_OBJECT_CONVERSION = YES_AGGRESSIVE;
				CLANG_CXX_LANGUAGE_STANDARD = "gnu++20";
				CLANG_ENABLE_MODULES = YES;
				CLANG_ENABLE_OBJC_ARC = YES;
				CLANG_ENABLE_OBJC_WEAK = YES;
				CLANG_WARN_BLOCK_CAPTURE_AUTORELEASING = YES;
				CLANG_WARN_BOOL_CONVERSION = YES;
				CLANG_WARN_COMMA = YES;
				CLANG_WARN_CONSTANT_CONVERSION = YES;
				CLANG_WARN_DEPRECATED_OBJC_IMPLEMENTATIONS = YES;
				CLANG_WARN_DIRECT_OBJC_ISA_USAGE = YES_ERROR;
				CLANG_WARN_DOCUMENTATION_COMMENTS = YES;
				CLANG_WARN_EMPTY_BODY = YES;
				CLANG_WARN_ENUM_CONVERSION = YES;
				CLANG_WARN_INFINITE_RECURSION = YES;
				CLANG_WARN_INT_CONVERSION = YES;
				CLANG_WARN_NON_LITERAL_NULL_CONVERSION = YES;
				CLANG_WARN_OBJC_IMPLICIT_RETAIN_SELF = YES;
				CLANG_WARN_OBJC_LITERAL_CONVERSION = YES;
				CLANG_WARN_OBJC_ROOT_CLASS = YES_ERROR;
				CLANG_WARN_QUOTED_INCLUDE_IN_FRAMEWORK_HEADER = YES;
				CLANG_WARN_RANGE_LOOP_ANALYSIS = YES;
				CLANG_WARN_STRICT_PROTOTYPES = YES;
				CLANG_WARN_SUSPICIOUS_MOVE = YES;
				CLANG_WARN_UNGUARDED_AVAILABILITY = YES_AGGRESSIVE;
				CLANG_WARN_UNREACHABLE_CODE = YES;
				CLANG_WARN__DUPLICATE_METHOD_MATCH = YES;
				COPY_PHASE_STRIP = NO;
				DEBUG_INFORMATION_FORMAT = "dwarf-with-dsym";
				ENABLE_NS_ASSERTIONS = NO;
				ENABLE_STRICT_OBJC_MSGSEND = YES;
				GCC_C_LANGUAGE_STANDARD = gnu11;
				GCC_NO_COMMON_BLOCKS = YES;
				GCC_WARN_64_TO_32_BIT_CONVERSION = YES;
				GCC_WARN_ABOUT_RETURN_TYPE = YES_ERROR;
				GCC_WARN_UNDECLARED_SELECTOR = YES;
				GCC_WARN_UNINITIALIZED_AUTOS = YES_AGGRESSIVE;
				GCC_WARN_UNUSED_FUNCTION = YES;
				GCC_WARN_UNUSED_VARIABLE = YES;
				MACOSX_DEPLOYMENT_TARGET = 13.1;
				MTL_ENABLE_DEBUG_INFO = NO;
				MTL_FAST_MATH = YES;
				SDKROOT = macosx;
			};
			name = Release;
		};
		17BF02C82A2BB7D700F6C9B5 /* Debug */ = {
			isa = XCBuildConfiguration;
			buildSettings = {
				CODE_SIGN_STYLE = Automatic;
				PRODUCT_NAME = "$(TARGET_NAME)";
			};
			name = Debug;
		};
		17BF02C92A2BB7D700F6C9B5 /* Release */ = {
			isa = XCBuildConfiguration;
			buildSettings = {
				CODE_SIGN_STYLE = Automatic;
				PRODUCT_NAME = "$(TARGET_NAME)";
			};
			name = Release;
		};
/* End XCBuildConfiguration section */

/* Begin XCConfigurationList section */
		17BF02BB2A2BB7D700F6C9B5 /* Build configuration list for PBXProject "DoubleLinkedList" */ = {
			isa = XCConfigurationList;
			buildConfigurations = (
				17BF02C52A2BB7D700F6C9B5 /* Debug */,
				17BF02C62A2BB7D700F6C9B5 /* Release */,
			);
			defaultConfigurationIsVisible = 0;
			defaultConfigurationName = Release;
		};
		17BF02C72A2BB7D700F6C9B5 /* Build configuration list for PBXNativeTarget "DoubleLinkedList" */ = {
			isa = XCConfigurationList;
			buildConfigurations = (
				17BF02C82A2BB7D700F6C9B5 /* Debug */,
				17BF02C92A2BB7D700F6C9B5 /* Release */,
			);
			defaultConfigurationIsVisible = 0;
			defaultConfigurationName = Release;
		};
/* End XCConfigurationList section */
	};
	rootObject = 17BF02B82A2BB7D700F6C9B5 /* Project object */;
}
